
Microsoft Visual Studio Solution File, Format Version 12.00
# Visual Studio Version 17
VisualStudioVersion = 17.9.34607.119
MinimumVisualStudioVersion = 10.0.40219.1
Project("{9A19103F-16F7-4668-BE54-9A1E7A4F7556}") = "Notifier", "NotificationsTest\Notifier.csproj", "{EF4B57EE-97D5-46DF-9312-2C298EDDB7FD}"
EndProject
Global
	GlobalSection(SolutionConfigurationPlatforms) = preSolution
		Debug|Any CPU = Debug|Any CPU
		Release|Any CPU = Release|Any CPU
	EndGlobalSection
	GlobalSection(ProjectConfigurationPlatforms) = postSolution
		{EF4B57EE-97D5-46DF-9312-2C298EDDB7FD}.Debug|Any CPU.ActiveCfg = Debug|Any CPU
		{EF4B57EE-97D5-46DF-9312-2C298EDDB7FD}.Debug|Any CPU.Build.0 = Debug|Any CPU
		{EF4B57EE-97D5-46DF-9312-2C298EDDB7FD}.Release|Any CPU.ActiveCfg = Release|Any CPU
		{EF4B57EE-97D5-46DF-9312-2C298EDDB7FD}.Release|Any CPU.Build.0 = Release|Any CPU
	EndGlobalSection
	GlobalSection(SolutionProperties) = preSolution
		HideSolutionNode = FALSE
	EndGlobalSection
	GlobalSection(ExtensibilityGlobals) = postSolution
		SolutionGuid = {C103A20C-BD66-49ED-8610-0C0F4A0B4E0C}
	EndGlobalSection
EndGlobal
